
Microsoft Visual Studio Solution File, Format Version 12.00
# Visual Studio Version 17
VisualStudioVersion = 17.9.34701.34
MinimumVisualStudioVersion = 10.0.40219.1
Project("{FAE04EC0-301F-11D3-BF4B-00C04F79EFBC}") = "DEMOAPI", "DEMOAPI\DEMOAPI.csproj", "{55746DC2-3DAE-4E77-8F25-1391CB71AC6C}"
EndProject
Global
	GlobalSection(SolutionConfigurationPlatforms) = preSolution
		Debug|Any CPU = Debug|Any CPU
		Release|Any CPU = Release|Any CPU
	EndGlobalSection
	GlobalSection(ProjectConfigurationPlatforms) = postSolution
		{55746DC2-3DAE-4E77-8F25-1391CB71AC6C}.Debug|Any CPU.ActiveCfg = Debug|Any CPU
		{55746DC2-3DAE-4E77-8F25-1391CB71AC6C}.Debug|Any CPU.Build.0 = Debug|Any CPU
		{55746DC2-3DAE-4E77-8F25-1391CB71AC6C}.Release|Any CPU.ActiveCfg = Release|Any CPU
		{55746DC2-3DAE-4E77-8F25-1391CB71AC6C}.Release|Any CPU.Build.0 = Release|Any CPU
	EndGlobalSection
	GlobalSection(SolutionProperties) = preSolution
		HideSolutionNode = FALSE
	EndGlobalSection
	GlobalSection(ExtensibilityGlobals) = postSolution
		SolutionGuid = {E4A5D3D3-EEF4-4B22-AFEB-15C47A58432E}
	EndGlobalSection
EndGlobal
